
Microsoft Visual Studio Solution File, Format Version 12.00
# Visual Studio Version 16
VisualStudioVersion = 16.0.29509.3
MinimumVisualStudioVersion = 10.0.40219.1
Project("{FAE04EC0-301F-11D3-BF4B-00C04F79EFBC}") = "ArrayExtension", "ArrayExtension\ArrayExtension.csproj", "{DAE17044-EDF6-4026-8116-89DD8384D8D0}"
EndProject
Project("{FAE04EC0-301F-11D3-BF4B-00C04F79EFBC}") = "ArrayExtension.Tests", "ArrayExtension.Tests\ArrayExtension.Tests.csproj", "{DA3A23FE-62C9-46B6-AF7D-1B6580159778}"
EndProject
Project("{FAE04EC0-301F-11D3-BF4B-00C04F79EFBC}") = "ArrayExtensionMSTests", "ArrayExtensionMSTest\ArrayExtensionMSTests.csproj", "{EEE4CD56-5A55-4727-8D4B-3EC2AC55C4ED}"
EndProject
Global
	GlobalSection(SolutionConfigurationPlatforms) = preSolution
		Debug|Any CPU = Debug|Any CPU
		Release|Any CPU = Release|Any CPU
	EndGlobalSection
	GlobalSection(ProjectConfigurationPlatforms) = postSolution
		{DAE17044-EDF6-4026-8116-89DD8384D8D0}.Debug|Any CPU.ActiveCfg = Debug|Any CPU
		{DAE17044-EDF6-4026-8116-89DD8384D8D0}.Debug|Any CPU.Build.0 = Debug|Any CPU
		{DAE17044-EDF6-4026-8116-89DD8384D8D0}.Release|Any CPU.ActiveCfg = Release|Any CPU
		{DAE17044-EDF6-4026-8116-89DD8384D8D0}.Release|Any CPU.Build.0 = Release|Any CPU
		{DA3A23FE-62C9-46B6-AF7D-1B6580159778}.Debug|Any CPU.ActiveCfg = Debug|Any CPU
		{DA3A23FE-62C9-46B6-AF7D-1B6580159778}.Debug|Any CPU.Build.0 = Debug|Any CPU
		{DA3A23FE-62C9-46B6-AF7D-1B6580159778}.Release|Any CPU.ActiveCfg = Release|Any CPU
		{DA3A23FE-62C9-46B6-AF7D-1B6580159778}.Release|Any CPU.Build.0 = Release|Any CPU
		{EEE4CD56-5A55-4727-8D4B-3EC2AC55C4ED}.Debug|Any CPU.ActiveCfg = Debug|Any CPU
		{EEE4CD56-5A55-4727-8D4B-3EC2AC55C4ED}.Debug|Any CPU.Build.0 = Debug|Any CPU
		{EEE4CD56-5A55-4727-8D4B-3EC2AC55C4ED}.Release|Any CPU.ActiveCfg = Release|Any CPU
		{EEE4CD56-5A55-4727-8D4B-3EC2AC55C4ED}.Release|Any CPU.Build.0 = Release|Any CPU
	EndGlobalSection
	GlobalSection(SolutionProperties) = preSolution
		HideSolutionNode = FALSE
	EndGlobalSection
	GlobalSection(ExtensibilityGlobals) = postSolution
		SolutionGuid = {0CF55E72-6417-41B5-B5E5-3C99EA22B8F0}
	EndGlobalSection
EndGlobal
